// !$*UTF8*$!
{
	archiveVersion = 1;
	classes = {
	};
	objectVersion = 50;
	objects = {

/* Begin PBXFileReference section */
		0402B7BF271521D1006F9A1A /* quic_unacked_packet_map_test.cc */ = {isa = PBXFileReference; lastKnownFileType = sourcecode.cpp.cpp; path = quic_unacked_packet_map_test.cc; sourceTree = "<group>"; };
		0402B7C0271521D1006F9A1A /* quic_bandwidth_test.cc */ = {isa = PBXFileReference; lastKnownFileType = sourcecode.cpp.cpp; path = quic_bandwidth_test.cc; sourceTree = "<group>"; };
		0402B7C1271521D1006F9A1A /* Makefile */ = {isa = PBXFileReference; lastKnownFileType = sourcecode.make; path = Makefile; sourceTree = "<group>"; };
		0402B7C2271521D1006F9A1A /* quic_sent_packet_manager_test.cc */ = {isa = PBXFileReference; lastKnownFileType = sourcecode.cpp.cpp; path = quic_sent_packet_manager_test.cc; sourceTree = "<group>"; };
		0402B7C3271521D1006F9A1A /* bandwidth_sampler_test.cc */ = {isa = PBXFileReference; lastKnownFileType = sourcecode.cpp.cpp; path = bandwidth_sampler_test.cc; sourceTree = "<group>"; };
		0402B7C4271521D1006F9A1A /* chrome_windowed_filter_test.cc */ = {isa = PBXFileReference; lastKnownFileType = sourcecode.cpp.cpp; path = chrome_windowed_filter_test.cc; sourceTree = "<group>"; };
		0402B7C5271521D1006F9A1A /* chrome_bbr_sender_test.cc */ = {isa = PBXFileReference; lastKnownFileType = sourcecode.cpp.cpp; path = chrome_bbr_sender_test.cc; sourceTree = "<group>"; };
		0402B7C6271521D1006F9A1A /* quic_time_test.cc */ = {isa = PBXFileReference; lastKnownFileType = sourcecode.cpp.cpp; path = quic_time_test.cc; sourceTree = "<group>"; };
		0402B7C7271521D1006F9A1A /* packet_maker_test.cc */ = {isa = PBXFileReference; lastKnownFileType = sourcecode.cpp.cpp; path = packet_maker_test.cc; sourceTree = "<group>"; };
/* End PBXFileReference section */

/* Begin PBXGroup section */
		0402B7B9271521D1006F9A1A = {
			isa = PBXGroup;
			children = (
				0402B7BF271521D1006F9A1A /* quic_unacked_packet_map_test.cc */,
				0402B7C0271521D1006F9A1A /* quic_bandwidth_test.cc */,
				0402B7C1271521D1006F9A1A /* Makefile */,
				0402B7C2271521D1006F9A1A /* quic_sent_packet_manager_test.cc */,
				0402B7C3271521D1006F9A1A /* bandwidth_sampler_test.cc */,
				0402B7C4271521D1006F9A1A /* chrome_windowed_filter_test.cc */,
				0402B7C5271521D1006F9A1A /* chrome_bbr_sender_test.cc */,
				0402B7C6271521D1006F9A1A /* quic_time_test.cc */,
				0402B7C7271521D1006F9A1A /* packet_maker_test.cc */,
			);
			sourceTree = "<group>";
		};
/* End PBXGroup section */

/* Begin PBXLegacyTarget section */
		0402B7BE271521D1006F9A1A /* test */ = {
			isa = PBXLegacyTarget;
			buildArgumentsString = "$(ACTION)";
			buildConfigurationList = 0402B7C8271521D1006F9A1A /* Build configuration list for PBXLegacyTarget "test" */;
			buildPhases = (
			);
			buildToolPath = /usr/bin/make;
			buildWorkingDirectory = "/Users/wushun/Desktop/BBR-chrome-main/bbr_chrome/src/test";
			dependencies = (
			);
			name = test;
			passBuildSettingsInEnvironment = 1;
			productName = test;
		};
/* End PBXLegacyTarget section */

/* Begin PBXProject section */
		0402B7BA271521D1006F9A1A /* Project object */ = {
			isa = PBXProject;
			attributes = {
			};
			buildConfigurationList = 0402B7BD271521D1006F9A1A /* Build configuration list for PBXProject "test" */;
			compatibilityVersion = "Xcode 9.3";
			developmentRegion = en;
			hasScannedForEncodings = 0;
			knownRegions = (
				en,
				Base,
			);
			mainGroup = 0402B7B9271521D1006F9A1A;
			projectDirPath = "";
			projectRoot = "";
			targets = (
				0402B7BE271521D1006F9A1A /* test */,
			);
		};
/* End PBXProject section */

/* Begin XCBuildConfiguration section */
		0402B7BB271521D1006F9A1A /* Debug */ = {
			isa = XCBuildConfiguration;
			buildSettings = {
				ARCHS = "$(ARCHS_STANDARD_32_BIT)";
				COPY_PHASE_STRIP = NO;
				GCC_WARN_ABOUT_RETURN_TYPE = YES;
				GCC_WARN_UNUSED_VARIABLE = YES;
				ONLY_ACTIVE_ARCH = YES;
				SDKROOT = macosx10.6;
			};
			name = Debug;
		};
		0402B7BC271521D1006F9A1A /* Release */ = {
			isa = XCBuildConfiguration;
			buildSettings = {
				ARCHS = "$(ARCHS_STANDARD_32_BIT)";
				COPY_PHASE_STRIP = YES;
				GCC_WARN_ABOUT_RETURN_TYPE = YES;
				GCC_WARN_UNUSED_VARIABLE = YES;
				SDKROOT = macosx10.6;
			};
			name = Release;
		};
		0402B7C9271521D1006F9A1A /* Debug */ = {
			isa = XCBuildConfiguration;
			buildSettings = {
				COPY_PHASE_STRIP = NO;
				DEBUGGING_SYMBOLS = YES;
				GCC_DYNAMIC_NO_PIC = NO;
				GCC_ENABLE_FIX_AND_CONTINUE = YES;
				GCC_GENERATE_DEBUGGING_SYMBOLS = YES;
				GCC_OPTIMIZATION_LEVEL = 0;
				OTHER_CFLAGS = "";
				OTHER_LDFLAGS = "";
				PRODUCT_NAME = test;
			};
			name = Debug;
		};
		0402B7CA271521D1006F9A1A /* Release */ = {
			isa = XCBuildConfiguration;
			buildSettings = {
				COPY_PHASE_STRIP = YES;
				DEBUG_INFORMATION_FORMAT = "dwarf-with-dsym";
				GCC_ENABLE_FIX_AND_CONTINUE = NO;
				OTHER_CFLAGS = "";
				OTHER_LDFLAGS = "";
				PRODUCT_NAME = test;
			};
			name = Release;
		};
/* End XCBuildConfiguration section */

/* Begin XCConfigurationList section */
		0402B7BD271521D1006F9A1A /* Build configuration list for PBXProject "test" */ = {
			isa = XCConfigurationList;
			buildConfigurations = (
				0402B7BB271521D1006F9A1A /* Debug */,
				0402B7BC271521D1006F9A1A /* Release */,
			);
			defaultConfigurationIsVisible = 0;
			defaultConfigurationName = Release;
		};
		0402B7C8271521D1006F9A1A /* Build configuration list for PBXLegacyTarget "test" */ = {
			isa = XCConfigurationList;
			buildConfigurations = (
				0402B7C9271521D1006F9A1A /* Debug */,
				0402B7CA271521D1006F9A1A /* Release */,
			);
			defaultConfigurationIsVisible = 0;
			defaultConfigurationName = Release;
		};
/* End XCConfigurationList section */
	};
	rootObject = 0402B7BA271521D1006F9A1A /* Project object */;
}
