<?xml version="1.0" encoding="utf-8"?>
<Project ToolsVersion="4.0" xmlns="http://schemas.microsoft.com/developer/msbuild/2003">
  <ItemGroup>
    <Filter Include="源文件">
      <UniqueIdentifier>{4FC737F1-C7A5-4376-A066-2A32D752A2FF}</UniqueIdentifier>
      <Extensions>cpp;c;cc;cxx;def;odl;idl;hpj;bat;asm;asmx</Extensions>
    </Filter>
    <Filter Include="头文件">
      <UniqueIdentifier>{93995380-89BD-4b04-88EB-625FBE52EBFB}</UniqueIdentifier>
      <Extensions>h;hh;hpp;hxx;hm;inl;inc;ipp;xsd</Extensions>
    </Filter>
    <Filter Include="资源文件">
      <UniqueIdentifier>{67DA6AB6-F800-4c08-8B7A-83BB121AAD01}</UniqueIdentifier>
      <Extensions>rc;ico;cur;bmp;dlg;rc2;rct;bin;rgs;gif;jpg;jpeg;jpe;resx;tiff;tif;png;wav;mfcribbon-ms</Extensions>
    </Filter>
    <Filter Include="common">
      <UniqueIdentifier>{9a1a63f3-8393-480c-bebd-7b70fa7ed5bd}</UniqueIdentifier>
    </Filter>
    <Filter Include="log">
      <UniqueIdentifier>{933d1b6d-ebde-4629-aef5-1354ee51ded5}</UniqueIdentifier>
    </Filter>
  </ItemGroup>
  <ItemGroup>
    <ClCompile Include="quick_tunnel_client.cc">
      <Filter>源文件</Filter>
    </ClCompile>
    <ClCompile Include="tcp_server.cc">
      <Filter>源文件</Filter>
    </ClCompile>
    <ClCompile Include="worker.cc">
      <Filter>源文件</Filter>
    </ClCompile>
    <ClCompile Include="..\common\connection.cc">
      <Filter>common</Filter>
    </ClCompile>
    <ClCompile Include="..\common\stream_buffer.cc">
      <Filter>common</Filter>
    </ClCompile>
    <ClCompile Include="..\common\tcp_base.cc">
      <Filter>common</Filter>
    </ClCompile>
    <ClCompile Include="..\common\utility.cc">
      <Filter>common</Filter>
    </ClCompile>
    <ClCompile Include="..\thread\event.cc">
      <Filter>源文件</Filter>
    </ClCompile>
    <ClCompile Include="..\log\LogWrapper.cpp">
      <Filter>log</Filter>
    </ClCompile>
  </ItemGroup>
  <ItemGroup>
    <ClInclude Include="tcp_server.h">
      <Filter>头文件</Filter>
    </ClInclude>
    <ClInclude Include="worker.h">
      <Filter>头文件</Filter>
    </ClInclude>
    <ClInclude Include="..\json\json.hpp">
      <Filter>头文件</Filter>
    </ClInclude>
    <ClInclude Include="..\common\connection.h">
      <Filter>common</Filter>
    </ClInclude>
    <ClInclude Include="..\common\ring_buffer.h">
      <Filter>common</Filter>
    </ClInclude>
    <ClInclude Include="..\common\stream_buffer.h">
      <Filter>common</Filter>
    </ClInclude>
    <ClInclude Include="..\common\tcp_base.h">
      <Filter>common</Filter>
    </ClInclude>
    <ClInclude Include="..\common\utility.h">
      <Filter>common</Filter>
    </ClInclude>
    <ClInclude Include="..\thread\event.h">
      <Filter>头文件</Filter>
    </ClInclude>
    <ClInclude Include="..\common\tunnel_proto.h">
      <Filter>common</Filter>
    </ClInclude>
    <ClInclude Include="..\log\LogWrapper.h">
      <Filter>log</Filter>
    </ClInclude>
  </ItemGroup>
</Project>